
Microsoft Visual Studio Solution File, Format Version 12.00
# Visual Studio Version 16
VisualStudioVersion = 16.0.31729.503
MinimumVisualStudioVersion = 10.0.40219.1
Project("{FAE04EC0-301F-11D3-BF4B-00C04F79EFBC}") = "CLDV6212_20108984_Task2", "CLDV6212_20108984_Task2\CLDV6212_20108984_Task2.csproj", "{A2D2B3EC-9EAB-4C2F-BD8A-F1826DAD5E55}"
EndProject
Global
	GlobalSection(SolutionConfigurationPlatforms) = preSolution
		Debug|Any CPU = Debug|Any CPU
		Release|Any CPU = Release|Any CPU
	EndGlobalSection
	GlobalSection(ProjectConfigurationPlatforms) = postSolution
		{A2D2B3EC-9EAB-4C2F-BD8A-F1826DAD5E55}.Debug|Any CPU.ActiveCfg = Debug|Any CPU
		{A2D2B3EC-9EAB-4C2F-BD8A-F1826DAD5E55}.Debug|Any CPU.Build.0 = Debug|Any CPU
		{A2D2B3EC-9EAB-4C2F-BD8A-F1826DAD5E55}.Release|Any CPU.ActiveCfg = Release|Any CPU
		{A2D2B3EC-9EAB-4C2F-BD8A-F1826DAD5E55}.Release|Any CPU.Build.0 = Release|Any CPU
	EndGlobalSection
	GlobalSection(SolutionProperties) = preSolution
		HideSolutionNode = FALSE
	EndGlobalSection
	GlobalSection(ExtensibilityGlobals) = postSolution
		SolutionGuid = {0F5AB6DE-02A2-4AD5-8B8B-A7484990D99F}
	EndGlobalSection
EndGlobal
